Microsoft Visual Studio Solution File, Format Version 12.00
# Visual Studio Version 17
VisualStudioVersion = 17.5.2.0
MinimumVisualStudioVersion = 10.0.40219.1
Project("{FAE04EC0-301F-11D3-BF4B-00C04F79EFBC}") = "GesticApi", "GesticApi.csproj", "{52230A21-6549-764F-F547-097435909F9A}"
EndProject
Global
	GlobalSection(SolutionConfigurationPlatforms) = preSolution
		Debug|Any CPU = Debug|Any CPU
		Release|Any CPU = Release|Any CPU
	EndGlobalSection
	GlobalSection(ProjectConfigurationPlatforms) = postSolution
		{52230A21-6549-764F-F547-097435909F9A}.Debug|Any CPU.ActiveCfg = Debug|Any CPU
		{52230A21-6549-764F-F547-097435909F9A}.Debug|Any CPU.Build.0 = Debug|Any CPU
		{52230A21-6549-764F-F547-097435909F9A}.Release|Any CPU.ActiveCfg = Release|Any CPU
		{52230A21-6549-764F-F547-097435909F9A}.Release|Any CPU.Build.0 = Release|Any CPU
	EndGlobalSection
	GlobalSection(SolutionProperties) = preSolution
		HideSolutionNode = FALSE
	EndGlobalSection
	GlobalSection(ExtensibilityGlobals) = postSolution
		SolutionGuid = {C6539D85-5464-48FB-9834-C40FA30E62C3}
	EndGlobalSection
EndGlobal
